
Microsoft Visual Studio Solution File, Format Version 12.00
# Visual Studio 2013
VisualStudioVersion = 12.0.40629.0
MinimumVisualStudioVersion = 10.0.40219.1
Project("{FAE04EC0-301F-11D3-BF4B-00C04F79EFBC}") = "MassTransit.EndpointMapping", "MassTransit.EndpointMapping\MassTransit.EndpointMapping.csproj", "{8E82FBD0-8B00-4BB2-AADA-BFB9385A673D}"
EndProject
Project("{FAE04EC0-301F-11D3-BF4B-00C04F79EFBC}") = "MassTransit.EndpointMapping.Test", "MassTransit.EndpointMapping.Test\MassTransit.EndpointMapping.Test.csproj", "{54E22E7E-FD31-489E-8F88-0A7EF24398B7}"
EndProject
Global
	GlobalSection(SolutionConfigurationPlatforms) = preSolution
		Debug|Any CPU = Debug|Any CPU
		Release|Any CPU = Release|Any CPU
	EndGlobalSection
	GlobalSection(ProjectConfigurationPlatforms) = postSolution
		{8E82FBD0-8B00-4BB2-AADA-BFB9385A673D}.Debug|Any CPU.ActiveCfg = Debug|Any CPU
		{8E82FBD0-8B00-4BB2-AADA-BFB9385A673D}.Debug|Any CPU.Build.0 = Debug|Any CPU
		{8E82FBD0-8B00-4BB2-AADA-BFB9385A673D}.Release|Any CPU.ActiveCfg = Release|Any CPU
		{8E82FBD0-8B00-4BB2-AADA-BFB9385A673D}.Release|Any CPU.Build.0 = Release|Any CPU
		{54E22E7E-FD31-489E-8F88-0A7EF24398B7}.Debug|Any CPU.ActiveCfg = Debug|Any CPU
		{54E22E7E-FD31-489E-8F88-0A7EF24398B7}.Debug|Any CPU.Build.0 = Debug|Any CPU
		{54E22E7E-FD31-489E-8F88-0A7EF24398B7}.Release|Any CPU.ActiveCfg = Release|Any CPU
		{54E22E7E-FD31-489E-8F88-0A7EF24398B7}.Release|Any CPU.Build.0 = Release|Any CPU
	EndGlobalSection
	GlobalSection(SolutionProperties) = preSolution
		HideSolutionNode = FALSE
	EndGlobalSection
	GlobalSection(ExtensibilityGlobals) = postSolution
		EnterpriseLibraryConfigurationToolBinariesPathV6 = y\Packages\EnterpriseLibrary.TransientFaultHandling.6.0.1304.0\lib\portable-net45+win+wp8
	EndGlobalSection
EndGlobal
